
Microsoft Visual Studio Solution File, Format Version 12.00
# Visual Studio Version 17
VisualStudioVersion = 17.0.31919.166
MinimumVisualStudioVersion = 10.0.40219.1
Project("{2150E333-8FDC-42A3-9474-1A3956D46DE8}") = "_", "_", "{498EF6B0-5565-411A-839A-B41294202103}"
	ProjectSection(SolutionItems) = preProject
		..\..\.editorconfig = ..\..\.editorconfig
		..\..\.gitignore = ..\..\.gitignore
		..\..\_config.yml = ..\..\_config.yml
		..\..\CMakeLists.txt = ..\..\CMakeLists.txt
		..\..\README.md = ..\..\README.md
	EndProjectSection
EndProject
Project("{2150E333-8FDC-42A3-9474-1A3956D46DE8}") = "tests", "tests", "{58AC2401-48A7-4AFA-A6F4-5F00DFAF260A}"
	ProjectSection(SolutionItems) = preProject
		..\..\ffsm2.natvis = ..\..\ffsm2.natvis
	EndProjectSection
EndProject
Project("{8BC9CEB8-8B4A-11D0-8D11-00A0C91BC942}") = "test-16", "test-16.vcxproj", "{0E3EA848-3FFE-4784-8D44-1DF036990C22}"
EndProject
Project("{8BC9CEB8-8B4A-11D0-8D11-00A0C91BC942}") = "test-clang", "test-clang.vcxproj", "{D2176F37-135E-4003-9A90-7A9E78E0371F}"
EndProject
Project("{8BC9CEB8-8B4A-11D0-8D11-00A0C91BC942}") = "test-15", "test-15.vcxproj", "{CCE21648-BED6-4180-A305-FF27932B9232}"
EndProject
Project("{8BC9CEB8-8B4A-11D0-8D11-00A0C91BC942}") = "test-14", "test-14.vcxproj", "{0895F78B-D3D4-4BEF-8E12-DAABE32686E5}"
EndProject
Project("{2150E333-8FDC-42A3-9474-1A3956D46DE8}") = "tools", "tools", "{E3047051-0AB6-47F9-9826-A442657BA247}"
EndProject
Project("{888888A0-9F3D-457C-B088-3A5042F75D52}") = "tools", "tools.pyproj", "{2347027E-E5DE-43C4-8EF9-5F1411ADE33B}"
EndProject
Project("{2150E333-8FDC-42A3-9474-1A3956D46DE8}") = "examples", "examples", "{D1870447-2122-4EFE-A1CF-26DBE8D3A7FF}"
EndProject
Project("{8BC9CEB8-8B4A-11D0-8D11-00A0C91BC942}") = "basic_audio_player-14", "basic_audio_player-14.vcxproj", "{7DCE5F92-D92F-40CC-B6EB-0772E0BD0DB9}"
EndProject
Project("{8BC9CEB8-8B4A-11D0-8D11-00A0C91BC942}") = "basic_audio_player-15", "basic_audio_player-15.vcxproj", "{5D9EAEC4-CEDD-4D4F-9538-345399DA9DA1}"
EndProject
Project("{8BC9CEB8-8B4A-11D0-8D11-00A0C91BC942}") = "basic_audio_player-16", "basic_audio_player-16.vcxproj", "{99085F16-DA06-4072-B84E-C2D95C539ED9}"
EndProject
Project("{8BC9CEB8-8B4A-11D0-8D11-00A0C91BC942}") = "basic_audio_player-clang", "basic_audio_player-clang.vcxproj", "{824E695C-BC39-4A3B-B93D-A4CAAD5BD69F}"
EndProject
Project("{8BC9CEB8-8B4A-11D0-8D11-00A0C91BC942}") = "basic_traffic_light-14", "basic_traffic_light-14.vcxproj", "{C543B4D9-A8AC-47B7-8376-AB4B110C144E}"
EndProject
Project("{8BC9CEB8-8B4A-11D0-8D11-00A0C91BC942}") = "basic_traffic_light-15", "basic_traffic_light-15.vcxproj", "{C8C0CDBA-3B12-412D-8C7B-D65E3D85D2A2}"
EndProject
Project("{8BC9CEB8-8B4A-11D0-8D11-00A0C91BC942}") = "basic_traffic_light-16", "basic_traffic_light-16.vcxproj", "{7F102606-D08C-4F7D-94B3-FCAC473DABED}"
EndProject
Project("{8BC9CEB8-8B4A-11D0-8D11-00A0C91BC942}") = "basic_traffic_light-clang", "basic_traffic_light-clang.vcxproj", "{AC8CDAE2-11B3-449F-BB88-96CCE3DE7FB3}"
EndProject
Project("{8BC9CEB8-8B4A-11D0-8D11-00A0C91BC942}") = "debug_logger_interface-14", "debug_logger_interface-14.vcxproj", "{E1C0E44B-EEF3-40D4-AEB7-54C4E570237E}"
EndProject
Project("{8BC9CEB8-8B4A-11D0-8D11-00A0C91BC942}") = "debug_logger_interface-15", "debug_logger_interface-15.vcxproj", "{31CDCC89-14CF-42A9-AB27-C2E7CFB6E98D}"
EndProject
Project("{8BC9CEB8-8B4A-11D0-8D11-00A0C91BC942}") = "debug_logger_interface-16", "debug_logger_interface-16.vcxproj", "{4DDF823C-C579-4259-ABEE-535F4C73FADB}"
EndProject
Project("{8BC9CEB8-8B4A-11D0-8D11-00A0C91BC942}") = "debug_logger_interface-clang", "debug_logger_interface-clang.vcxproj", "{AD845EC6-FE78-4C15-AF5A-659FB64BBD5E}"
EndProject
Project("{8BC9CEB8-8B4A-11D0-8D11-00A0C91BC942}") = "temp-14", "temp-14.vcxproj", "{A7B78505-8C72-4F52-939F-F7F811E979AE}"
EndProject
Project("{8BC9CEB8-8B4A-11D0-8D11-00A0C91BC942}") = "temp-15", "temp-15.vcxproj", "{962F9CBF-911F-4876-AF10-9C9614B9C7DC}"
EndProject
Project("{8BC9CEB8-8B4A-11D0-8D11-00A0C91BC942}") = "temp-16", "temp-16.vcxproj", "{D3DB7031-218F-4223-A376-E496400581AB}"
EndProject
Project("{8BC9CEB8-8B4A-11D0-8D11-00A0C91BC942}") = "temp-clang", "temp-clang.vcxproj", "{6DB92FC0-A25C-43A4-A081-C2D60848C90F}"
EndProject
Project("{2150E333-8FDC-42A3-9474-1A3956D46DE8}") = "workflows", "workflows", "{82F1520A-F92B-4115-B092-2BCEB0D7EE7F}"
	ProjectSection(SolutionItems) = preProject
		..\..\.github\workflows\cmake-qemu-arm.yml = ..\..\.github\workflows\cmake-qemu-arm.yml
		..\..\.github\workflows\cmake.yml = ..\..\.github\workflows\cmake.yml
		..\..\.github\workflows\codeql-analysis.yml = ..\..\.github\workflows\codeql-analysis.yml
		..\..\.github\workflows\flawfinder-analysis.yml = ..\..\.github\workflows\flawfinder-analysis.yml
		..\..\.github\workflows\msbuild.yml = ..\..\.github\workflows\msbuild.yml
		..\..\.github\workflows\msvc-analysis.yml = ..\..\.github\workflows\msvc-analysis.yml
	EndProjectSection
EndProject
Project("{8BC9CEB8-8B4A-11D0-8D11-00A0C91BC942}") = "basic_audio_player-17", "basic_audio_player-17.vcxproj", "{D591844F-3B63-450F-89A7-C8F514DBE279}"
EndProject
Project("{8BC9CEB8-8B4A-11D0-8D11-00A0C91BC942}") = "basic_traffic_light-17", "basic_traffic_light-17.vcxproj", "{9C638CF3-47E8-4DFC-9E24-9F11272460B7}"
EndProject
Project("{8BC9CEB8-8B4A-11D0-8D11-00A0C91BC942}") = "debug_logger_interface-17", "debug_logger_interface-17.vcxproj", "{A3E1A966-6F9F-4333-B686-4F6D81BDD17A}"
EndProject
Project("{8BC9CEB8-8B4A-11D0-8D11-00A0C91BC942}") = "temp-17", "temp-17.vcxproj", "{6DB86826-31F0-47AD-8BC9-F1AAECAF3374}"
EndProject
Project("{8BC9CEB8-8B4A-11D0-8D11-00A0C91BC942}") = "test-17", "test-17.vcxproj", "{889BAA04-0E31-468D-B03C-F7F7202C16CB}"
EndProject
Global
	GlobalSection(SolutionConfigurationPlatforms) = preSolution
		ASan|x64 = ASan|x64
		ASan|x86 = ASan|x86
		Debug|x64 = Debug|x64
		Debug|x86 = Debug|x86
		Release|x64 = Release|x64
		Release|x86 = Release|x86
	EndGlobalSection
	GlobalSection(ProjectConfigurationPlatforms) = postSolution
		{0E3EA848-3FFE-4784-8D44-1DF036990C22}.ASan|x64.ActiveCfg = ASan|x64
		{0E3EA848-3FFE-4784-8D44-1DF036990C22}.ASan|x64.Build.0 = ASan|x64
		{0E3EA848-3FFE-4784-8D44-1DF036990C22}.ASan|x86.ActiveCfg = ASan|Win32
		{0E3EA848-3FFE-4784-8D44-1DF036990C22}.ASan|x86.Build.0 = ASan|Win32
		{0E3EA848-3FFE-4784-8D44-1DF036990C22}.Debug|x64.ActiveCfg = Debug|x64
		{0E3EA848-3FFE-4784-8D44-1DF036990C22}.Debug|x64.Build.0 = Debug|x64
		{0E3EA848-3FFE-4784-8D44-1DF036990C22}.Debug|x86.ActiveCfg = Debug|Win32
		{0E3EA848-3FFE-4784-8D44-1DF036990C22}.Debug|x86.Build.0 = Debug|Win32
		{0E3EA848-3FFE-4784-8D44-1DF036990C22}.Release|x64.ActiveCfg = Release|x64
		{0E3EA848-3FFE-4784-8D44-1DF036990C22}.Release|x64.Build.0 = Release|x64
		{0E3EA848-3FFE-4784-8D44-1DF036990C22}.Release|x86.ActiveCfg = Release|Win32
		{0E3EA848-3FFE-4784-8D44-1DF036990C22}.Release|x86.Build.0 = Release|Win32
		{D2176F37-135E-4003-9A90-7A9E78E0371F}.ASan|x64.ActiveCfg = ASan|x64
		{D2176F37-135E-4003-9A90-7A9E78E0371F}.ASan|x64.Build.0 = ASan|x64
		{D2176F37-135E-4003-9A90-7A9E78E0371F}.ASan|x86.ActiveCfg = ASan|Win32
		{D2176F37-135E-4003-9A90-7A9E78E0371F}.ASan|x86.Build.0 = ASan|Win32
		{D2176F37-135E-4003-9A90-7A9E78E0371F}.Debug|x64.ActiveCfg = Debug|x64
		{D2176F37-135E-4003-9A90-7A9E78E0371F}.Debug|x64.Build.0 = Debug|x64
		{D2176F37-135E-4003-9A90-7A9E78E0371F}.Debug|x86.ActiveCfg = Debug|Win32
		{D2176F37-135E-4003-9A90-7A9E78E0371F}.Debug|x86.Build.0 = Debug|Win32
		{D2176F37-135E-4003-9A90-7A9E78E0371F}.Release|x64.ActiveCfg = Release|x64
		{D2176F37-135E-4003-9A90-7A9E78E0371F}.Release|x64.Build.0 = Release|x64
		{D2176F37-135E-4003-9A90-7A9E78E0371F}.Release|x86.ActiveCfg = Release|Win32
		{D2176F37-135E-4003-9A90-7A9E78E0371F}.Release|x86.Build.0 = Release|Win32
		{CCE21648-BED6-4180-A305-FF27932B9232}.ASan|x64.ActiveCfg = Release|x64
		{CCE21648-BED6-4180-A305-FF27932B9232}.ASan|x86.ActiveCfg = Release|Win32
		{CCE21648-BED6-4180-A305-FF27932B9232}.Debug|x64.ActiveCfg = Debug|x64
		{CCE21648-BED6-4180-A305-FF27932B9232}.Debug|x64.Build.0 = Debug|x64
		{CCE21648-BED6-4180-A305-FF27932B9232}.Debug|x86.ActiveCfg = Debug|Win32
		{CCE21648-BED6-4180-A305-FF27932B9232}.Debug|x86.Build.0 = Debug|Win32
		{CCE21648-BED6-4180-A305-FF27932B9232}.Release|x64.ActiveCfg = Release|x64
		{CCE21648-BED6-4180-A305-FF27932B9232}.Release|x64.Build.0 = Release|x64
		{CCE21648-BED6-4180-A305-FF27932B9232}.Release|x86.ActiveCfg = Release|Win32
		{CCE21648-BED6-4180-A305-FF27932B9232}.Release|x86.Build.0 = Release|Win32
		{0895F78B-D3D4-4BEF-8E12-DAABE32686E5}.ASan|x64.ActiveCfg = Release|x64
		{0895F78B-D3D4-4BEF-8E12-DAABE32686E5}.ASan|x86.ActiveCfg = Release|Win32
		{0895F78B-D3D4-4BEF-8E12-DAABE32686E5}.Debug|x64.ActiveCfg = Debug|x64
		{0895F78B-D3D4-4BEF-8E12-DAABE32686E5}.Debug|x64.Build.0 = Debug|x64
		{0895F78B-D3D4-4BEF-8E12-DAABE32686E5}.Debug|x86.ActiveCfg = Debug|Win32
		{0895F78B-D3D4-4BEF-8E12-DAABE32686E5}.Debug|x86.Build.0 = Debug|Win32
		{0895F78B-D3D4-4BEF-8E12-DAABE32686E5}.Release|x64.ActiveCfg = Release|x64
		{0895F78B-D3D4-4BEF-8E12-DAABE32686E5}.Release|x64.Build.0 = Release|x64
		{0895F78B-D3D4-4BEF-8E12-DAABE32686E5}.Release|x86.ActiveCfg = Release|Win32
		{0895F78B-D3D4-4BEF-8E12-DAABE32686E5}.Release|x86.Build.0 = Release|Win32
		{2347027E-E5DE-43C4-8EF9-5F1411ADE33B}.ASan|x64.ActiveCfg = Release|Any CPU
		{2347027E-E5DE-43C4-8EF9-5F1411ADE33B}.ASan|x86.ActiveCfg = Release|Any CPU
		{2347027E-E5DE-43C4-8EF9-5F1411ADE33B}.Debug|x64.ActiveCfg = Debug|Any CPU
		{2347027E-E5DE-43C4-8EF9-5F1411ADE33B}.Debug|x86.ActiveCfg = Debug|Any CPU
		{2347027E-E5DE-43C4-8EF9-5F1411ADE33B}.Release|x64.ActiveCfg = Release|Any CPU
		{2347027E-E5DE-43C4-8EF9-5F1411ADE33B}.Release|x86.ActiveCfg = Release|Any CPU
		{7DCE5F92-D92F-40CC-B6EB-0772E0BD0DB9}.ASan|x64.ActiveCfg = Debug|x64
		{7DCE5F92-D92F-40CC-B6EB-0772E0BD0DB9}.ASan|x64.Build.0 = Debug|x64
		{7DCE5F92-D92F-40CC-B6EB-0772E0BD0DB9}.ASan|x86.ActiveCfg = Debug|Win32
		{7DCE5F92-D92F-40CC-B6EB-0772E0BD0DB9}.ASan|x86.Build.0 = Debug|Win32
		{7DCE5F92-D92F-40CC-B6EB-0772E0BD0DB9}.Debug|x64.ActiveCfg = Debug|x64
		{7DCE5F92-D92F-40CC-B6EB-0772E0BD0DB9}.Debug|x64.Build.0 = Debug|x64
		{7DCE5F92-D92F-40CC-B6EB-0772E0BD0DB9}.Debug|x86.ActiveCfg = Debug|Win32
		{7DCE5F92-D92F-40CC-B6EB-0772E0BD0DB9}.Debug|x86.Build.0 = Debug|Win32
		{7DCE5F92-D92F-40CC-B6EB-0772E0BD0DB9}.Release|x64.ActiveCfg = Release|x64
		{7DCE5F92-D92F-40CC-B6EB-0772E0BD0DB9}.Release|x64.Build.0 = Release|x64
		{7DCE5F92-D92F-40CC-B6EB-0772E0BD0DB9}.Release|x86.ActiveCfg = Release|Win32
		{7DCE5F92-D92F-40CC-B6EB-0772E0BD0DB9}.Release|x86.Build.0 = Release|Win32
		{5D9EAEC4-CEDD-4D4F-9538-345399DA9DA1}.ASan|x64.ActiveCfg = Debug|x64
		{5D9EAEC4-CEDD-4D4F-9538-345399DA9DA1}.ASan|x64.Build.0 = Debug|x64
		{5D9EAEC4-CEDD-4D4F-9538-345399DA9DA1}.ASan|x86.ActiveCfg = Debug|Win32
		{5D9EAEC4-CEDD-4D4F-9538-345399DA9DA1}.ASan|x86.Build.0 = Debug|Win32
		{5D9EAEC4-CEDD-4D4F-9538-345399DA9DA1}.Debug|x64.ActiveCfg = Debug|x64
		{5D9EAEC4-CEDD-4D4F-9538-345399DA9DA1}.Debug|x64.Build.0 = Debug|x64
		{5D9EAEC4-CEDD-4D4F-9538-345399DA9DA1}.Debug|x86.ActiveCfg = Debug|Win32
		{5D9EAEC4-CEDD-4D4F-9538-345399DA9DA1}.Debug|x86.Build.0 = Debug|Win32
		{5D9EAEC4-CEDD-4D4F-9538-345399DA9DA1}.Release|x64.ActiveCfg = Release|x64
		{5D9EAEC4-CEDD-4D4F-9538-345399DA9DA1}.Release|x64.Build.0 = Release|x64
		{5D9EAEC4-CEDD-4D4F-9538-345399DA9DA1}.Release|x86.ActiveCfg = Release|Win32
		{5D9EAEC4-CEDD-4D4F-9538-345399DA9DA1}.Release|x86.Build.0 = Release|Win32
		{99085F16-DA06-4072-B84E-C2D95C539ED9}.ASan|x64.ActiveCfg = Debug|x64
		{99085F16-DA06-4072-B84E-C2D95C539ED9}.ASan|x64.Build.0 = Debug|x64
		{99085F16-DA06-4072-B84E-C2D95C539ED9}.ASan|x86.ActiveCfg = Debug|Win32
		{99085F16-DA06-4072-B84E-C2D95C539ED9}.ASan|x86.Build.0 = Debug|Win32
		{99085F16-DA06-4072-B84E-C2D95C539ED9}.Debug|x64.ActiveCfg = Debug|x64
		{99085F16-DA06-4072-B84E-C2D95C539ED9}.Debug|x64.Build.0 = Debug|x64
		{99085F16-DA06-4072-B84E-C2D95C539ED9}.Debug|x86.ActiveCfg = Debug|Win32
		{99085F16-DA06-4072-B84E-C2D95C539ED9}.Debug|x86.Build.0 = Debug|Win32
		{99085F16-DA06-4072-B84E-C2D95C539ED9}.Release|x64.ActiveCfg = Release|x64
		{99085F16-DA06-4072-B84E-C2D95C539ED9}.Release|x64.Build.0 = Release|x64
		{99085F16-DA06-4072-B84E-C2D95C539ED9}.Release|x86.ActiveCfg = Release|Win32
		{99085F16-DA06-4072-B84E-C2D95C539ED9}.Release|x86.Build.0 = Release|Win32
		{824E695C-BC39-4A3B-B93D-A4CAAD5BD69F}.ASan|x64.ActiveCfg = Debug|x64
		{824E695C-BC39-4A3B-B93D-A4CAAD5BD69F}.ASan|x64.Build.0 = Debug|x64
		{824E695C-BC39-4A3B-B93D-A4CAAD5BD69F}.ASan|x86.ActiveCfg = Debug|Win32
		{824E695C-BC39-4A3B-B93D-A4CAAD5BD69F}.ASan|x86.Build.0 = Debug|Win32
		{824E695C-BC39-4A3B-B93D-A4CAAD5BD69F}.Debug|x64.ActiveCfg = Debug|x64
		{824E695C-BC39-4A3B-B93D-A4CAAD5BD69F}.Debug|x64.Build.0 = Debug|x64
		{824E695C-BC39-4A3B-B93D-A4CAAD5BD69F}.Debug|x86.ActiveCfg = Debug|Win32
		{824E695C-BC39-4A3B-B93D-A4CAAD5BD69F}.Debug|x86.Build.0 = Debug|Win32
		{824E695C-BC39-4A3B-B93D-A4CAAD5BD69F}.Release|x64.ActiveCfg = Release|x64
		{824E695C-BC39-4A3B-B93D-A4CAAD5BD69F}.Release|x64.Build.0 = Release|x64
		{824E695C-BC39-4A3B-B93D-A4CAAD5BD69F}.Release|x86.ActiveCfg = Release|Win32
		{824E695C-BC39-4A3B-B93D-A4CAAD5BD69F}.Release|x86.Build.0 = Release|Win32
		{C543B4D9-A8AC-47B7-8376-AB4B110C144E}.ASan|x64.ActiveCfg = Debug|x64
		{C543B4D9-A8AC-47B7-8376-AB4B110C144E}.ASan|x64.Build.0 = Debug|x64
		{C543B4D9-A8AC-47B7-8376-AB4B110C144E}.ASan|x86.ActiveCfg = Debug|Win32
		{C543B4D9-A8AC-47B7-8376-AB4B110C144E}.ASan|x86.Build.0 = Debug|Win32
		{C543B4D9-A8AC-47B7-8376-AB4B110C144E}.Debug|x64.ActiveCfg = Debug|x64
		{C543B4D9-A8AC-47B7-8376-AB4B110C144E}.Debug|x64.Build.0 = Debug|x64
		{C543B4D9-A8AC-47B7-8376-AB4B110C144E}.Debug|x86.ActiveCfg = Debug|Win32
		{C543B4D9-A8AC-47B7-8376-AB4B110C144E}.Debug|x86.Build.0 = Debug|Win32
		{C543B4D9-A8AC-47B7-8376-AB4B110C144E}.Release|x64.ActiveCfg = Release|x64
		{C543B4D9-A8AC-47B7-8376-AB4B110C144E}.Release|x64.Build.0 = Release|x64
		{C543B4D9-A8AC-47B7-8376-AB4B110C144E}.Release|x86.ActiveCfg = Release|Win32
		{C543B4D9-A8AC-47B7-8376-AB4B110C144E}.Release|x86.Build.0 = Release|Win32
		{C8C0CDBA-3B12-412D-8C7B-D65E3D85D2A2}.ASan|x64.ActiveCfg = Debug|x64
		{C8C0CDBA-3B12-412D-8C7B-D65E3D85D2A2}.ASan|x64.Build.0 = Debug|x64
		{C8C0CDBA-3B12-412D-8C7B-D65E3D85D2A2}.ASan|x86.ActiveCfg = Debug|Win32
		{C8C0CDBA-3B12-412D-8C7B-D65E3D85D2A2}.ASan|x86.Build.0 = Debug|Win32
		{C8C0CDBA-3B12-412D-8C7B-D65E3D85D2A2}.Debug|x64.ActiveCfg = Debug|x64
		{C8C0CDBA-3B12-412D-8C7B-D65E3D85D2A2}.Debug|x64.Build.0 = Debug|x64
		{C8C0CDBA-3B12-412D-8C7B-D65E3D85D2A2}.Debug|x86.ActiveCfg = Debug|Win32
		{C8C0CDBA-3B12-412D-8C7B-D65E3D85D2A2}.Debug|x86.Build.0 = Debug|Win32
		{C8C0CDBA-3B12-412D-8C7B-D65E3D85D2A2}.Release|x64.ActiveCfg = Release|x64
		{C8C0CDBA-3B12-412D-8C7B-D65E3D85D2A2}.Release|x64.Build.0 = Release|x64
		{C8C0CDBA-3B12-412D-8C7B-D65E3D85D2A2}.Release|x86.ActiveCfg = Release|Win32
		{C8C0CDBA-3B12-412D-8C7B-D65E3D85D2A2}.Release|x86.Build.0 = Release|Win32
		{7F102606-D08C-4F7D-94B3-FCAC473DABED}.ASan|x64.ActiveCfg = Debug|x64
		{7F102606-D08C-4F7D-94B3-FCAC473DABED}.ASan|x64.Build.0 = Debug|x64
		{7F102606-D08C-4F7D-94B3-FCAC473DABED}.ASan|x86.ActiveCfg = Debug|Win32
		{7F102606-D08C-4F7D-94B3-FCAC473DABED}.ASan|x86.Build.0 = Debug|Win32
		{7F102606-D08C-4F7D-94B3-FCAC473DABED}.Debug|x64.ActiveCfg = Debug|x64
		{7F102606-D08C-4F7D-94B3-FCAC473DABED}.Debug|x64.Build.0 = Debug|x64
		{7F102606-D08C-4F7D-94B3-FCAC473DABED}.Debug|x86.ActiveCfg = Debug|Win32
		{7F102606-D08C-4F7D-94B3-FCAC473DABED}.Debug|x86.Build.0 = Debug|Win32
		{7F102606-D08C-4F7D-94B3-FCAC473DABED}.Release|x64.ActiveCfg = Release|x64
		{7F102606-D08C-4F7D-94B3-FCAC473DABED}.Release|x64.Build.0 = Release|x64
		{7F102606-D08C-4F7D-94B3-FCAC473DABED}.Release|x86.ActiveCfg = Release|Win32
		{7F102606-D08C-4F7D-94B3-FCAC473DABED}.Release|x86.Build.0 = Release|Win32
		{AC8CDAE2-11B3-449F-BB88-96CCE3DE7FB3}.ASan|x64.ActiveCfg = Debug|x64
		{AC8CDAE2-11B3-449F-BB88-96CCE3DE7FB3}.ASan|x64.Build.0 = Debug|x64
		{AC8CDAE2-11B3-449F-BB88-96CCE3DE7FB3}.ASan|x86.ActiveCfg = Debug|Win32
		{AC8CDAE2-11B3-449F-BB88-96CCE3DE7FB3}.ASan|x86.Build.0 = Debug|Win32
		{AC8CDAE2-11B3-449F-BB88-96CCE3DE7FB3}.Debug|x64.ActiveCfg = Debug|x64
		{AC8CDAE2-11B3-449F-BB88-96CCE3DE7FB3}.Debug|x64.Build.0 = Debug|x64
		{AC8CDAE2-11B3-449F-BB88-96CCE3DE7FB3}.Debug|x86.ActiveCfg = Debug|Win32
		{AC8CDAE2-11B3-449F-BB88-96CCE3DE7FB3}.Debug|x86.Build.0 = Debug|Win32
		{AC8CDAE2-11B3-449F-BB88-96CCE3DE7FB3}.Release|x64.ActiveCfg = Release|x64
		{AC8CDAE2-11B3-449F-BB88-96CCE3DE7FB3}.Release|x64.Build.0 = Release|x64
		{AC8CDAE2-11B3-449F-BB88-96CCE3DE7FB3}.Release|x86.ActiveCfg = Release|Win32
		{AC8CDAE2-11B3-449F-BB88-96CCE3DE7FB3}.Release|x86.Build.0 = Release|Win32
		{E1C0E44B-EEF3-40D4-AEB7-54C4E570237E}.ASan|x64.ActiveCfg = Debug|x64
		{E1C0E44B-EEF3-40D4-AEB7-54C4E570237E}.ASan|x64.Build.0 = Debug|x64
		{E1C0E44B-EEF3-40D4-AEB7-54C4E570237E}.ASan|x86.ActiveCfg = Debug|Win32
		{E1C0E44B-EEF3-40D4-AEB7-54C4E570237E}.ASan|x86.Build.0 = Debug|Win32
		{E1C0E44B-EEF3-40D4-AEB7-54C4E570237E}.Debug|x64.ActiveCfg = Debug|x64
		{E1C0E44B-EEF3-40D4-AEB7-54C4E570237E}.Debug|x64.Build.0 = Debug|x64
		{E1C0E44B-EEF3-40D4-AEB7-54C4E570237E}.Debug|x86.ActiveCfg = Debug|Win32
		{E1C0E44B-EEF3-40D4-AEB7-54C4E570237E}.Debug|x86.Build.0 = Debug|Win32
		{E1C0E44B-EEF3-40D4-AEB7-54C4E570237E}.Release|x64.ActiveCfg = Release|x64
		{E1C0E44B-EEF3-40D4-AEB7-54C4E570237E}.Release|x64.Build.0 = Release|x64
		{E1C0E44B-EEF3-40D4-AEB7-54C4E570237E}.Release|x86.ActiveCfg = Release|Win32
		{E1C0E44B-EEF3-40D4-AEB7-54C4E570237E}.Release|x86.Build.0 = Release|Win32
		{31CDCC89-14CF-42A9-AB27-C2E7CFB6E98D}.ASan|x64.ActiveCfg = Debug|x64
		{31CDCC89-14CF-42A9-AB27-C2E7CFB6E98D}.ASan|x64.Build.0 = Debug|x64
		{31CDCC89-14CF-42A9-AB27-C2E7CFB6E98D}.ASan|x86.ActiveCfg = Debug|Win32
		{31CDCC89-14CF-42A9-AB27-C2E7CFB6E98D}.ASan|x86.Build.0 = Debug|Win32
		{31CDCC89-14CF-42A9-AB27-C2E7CFB6E98D}.Debug|x64.ActiveCfg = Debug|x64
		{31CDCC89-14CF-42A9-AB27-C2E7CFB6E98D}.Debug|x64.Build.0 = Debug|x64
		{31CDCC89-14CF-42A9-AB27-C2E7CFB6E98D}.Debug|x86.ActiveCfg = Debug|Win32
		{31CDCC89-14CF-42A9-AB27-C2E7CFB6E98D}.Debug|x86.Build.0 = Debug|Win32
		{31CDCC89-14CF-42A9-AB27-C2E7CFB6E98D}.Release|x64.ActiveCfg = Release|x64
		{31CDCC89-14CF-42A9-AB27-C2E7CFB6E98D}.Release|x64.Build.0 = Release|x64
		{31CDCC89-14CF-42A9-AB27-C2E7CFB6E98D}.Release|x86.ActiveCfg = Release|Win32
		{31CDCC89-14CF-42A9-AB27-C2E7CFB6E98D}.Release|x86.Build.0 = Release|Win32
		{4DDF823C-C579-4259-ABEE-535F4C73FADB}.ASan|x64.ActiveCfg = Debug|x64
		{4DDF823C-C579-4259-ABEE-535F4C73FADB}.ASan|x64.Build.0 = Debug|x64
		{4DDF823C-C579-4259-ABEE-535F4C73FADB}.ASan|x86.ActiveCfg = Debug|Win32
		{4DDF823C-C579-4259-ABEE-535F4C73FADB}.ASan|x86.Build.0 = Debug|Win32
		{4DDF823C-C579-4259-ABEE-535F4C73FADB}.Debug|x64.ActiveCfg = Debug|x64
		{4DDF823C-C579-4259-ABEE-535F4C73FADB}.Debug|x64.Build.0 = Debug|x64
		{4DDF823C-C579-4259-ABEE-535F4C73FADB}.Debug|x86.ActiveCfg = Debug|Win32
		{4DDF823C-C579-4259-ABEE-535F4C73FADB}.Debug|x86.Build.0 = Debug|Win32
		{4DDF823C-C579-4259-ABEE-535F4C73FADB}.Release|x64.ActiveCfg = Release|x64
		{4DDF823C-C579-4259-ABEE-535F4C73FADB}.Release|x64.Build.0 = Release|x64
		{4DDF823C-C579-4259-ABEE-535F4C73FADB}.Release|x86.ActiveCfg = Release|Win32
		{4DDF823C-C579-4259-ABEE-535F4C73FADB}.Release|x86.Build.0 = Release|Win32
		{AD845EC6-FE78-4C15-AF5A-659FB64BBD5E}.ASan|x64.ActiveCfg = Debug|x64
		{AD845EC6-FE78-4C15-AF5A-659FB64BBD5E}.ASan|x64.Build.0 = Debug|x64
		{AD845EC6-FE78-4C15-AF5A-659FB64BBD5E}.ASan|x86.ActiveCfg = Debug|Win32
		{AD845EC6-FE78-4C15-AF5A-659FB64BBD5E}.ASan|x86.Build.0 = Debug|Win32
		{AD845EC6-FE78-4C15-AF5A-659FB64BBD5E}.Debug|x64.ActiveCfg = Debug|x64
		{AD845EC6-FE78-4C15-AF5A-659FB64BBD5E}.Debug|x64.Build.0 = Debug|x64
		{AD845EC6-FE78-4C15-AF5A-659FB64BBD5E}.Debug|x86.ActiveCfg = Debug|Win32
		{AD845EC6-FE78-4C15-AF5A-659FB64BBD5E}.Debug|x86.Build.0 = Debug|Win32
		{AD845EC6-FE78-4C15-AF5A-659FB64BBD5E}.Release|x64.ActiveCfg = Release|x64
		{AD845EC6-FE78-4C15-AF5A-659FB64BBD5E}.Release|x64.Build.0 = Release|x64
		{AD845EC6-FE78-4C15-AF5A-659FB64BBD5E}.Release|x86.ActiveCfg = Release|Win32
		{AD845EC6-FE78-4C15-AF5A-659FB64BBD5E}.Release|x86.Build.0 = Release|Win32
		{A7B78505-8C72-4F52-939F-F7F811E979AE}.ASan|x64.ActiveCfg = Debug|x64
		{A7B78505-8C72-4F52-939F-F7F811E979AE}.ASan|x64.Build.0 = Debug|x64
		{A7B78505-8C72-4F52-939F-F7F811E979AE}.ASan|x86.ActiveCfg = Debug|Win32
		{A7B78505-8C72-4F52-939F-F7F811E979AE}.ASan|x86.Build.0 = Debug|Win32
		{A7B78505-8C72-4F52-939F-F7F811E979AE}.Debug|x64.ActiveCfg = Debug|x64
		{A7B78505-8C72-4F52-939F-F7F811E979AE}.Debug|x64.Build.0 = Debug|x64
		{A7B78505-8C72-4F52-939F-F7F811E979AE}.Debug|x86.ActiveCfg = Debug|Win32
		{A7B78505-8C72-4F52-939F-F7F811E979AE}.Debug|x86.Build.0 = Debug|Win32
		{A7B78505-8C72-4F52-939F-F7F811E979AE}.Release|x64.ActiveCfg = Release|x64
		{A7B78505-8C72-4F52-939F-F7F811E979AE}.Release|x64.Build.0 = Release|x64
		{A7B78505-8C72-4F52-939F-F7F811E979AE}.Release|x86.ActiveCfg = Release|Win32
		{A7B78505-8C72-4F52-939F-F7F811E979AE}.Release|x86.Build.0 = Release|Win32
		{962F9CBF-911F-4876-AF10-9C9614B9C7DC}.ASan|x64.ActiveCfg = Debug|x64
		{962F9CBF-911F-4876-AF10-9C9614B9C7DC}.ASan|x64.Build.0 = Debug|x64
		{962F9CBF-911F-4876-AF10-9C9614B9C7DC}.ASan|x86.ActiveCfg = Debug|Win32
		{962F9CBF-911F-4876-AF10-9C9614B9C7DC}.ASan|x86.Build.0 = Debug|Win32
		{962F9CBF-911F-4876-AF10-9C9614B9C7DC}.Debug|x64.ActiveCfg = Debug|x64
		{962F9CBF-911F-4876-AF10-9C9614B9C7DC}.Debug|x64.Build.0 = Debug|x64
		{962F9CBF-911F-4876-AF10-9C9614B9C7DC}.Debug|x86.ActiveCfg = Debug|Win32
		{962F9CBF-911F-4876-AF10-9C9614B9C7DC}.Debug|x86.Build.0 = Debug|Win32
		{962F9CBF-911F-4876-AF10-9C9614B9C7DC}.Release|x64.ActiveCfg = Release|x64
		{962F9CBF-911F-4876-AF10-9C9614B9C7DC}.Release|x64.Build.0 = Release|x64
		{962F9CBF-911F-4876-AF10-9C9614B9C7DC}.Release|x86.ActiveCfg = Release|Win32
		{962F9CBF-911F-4876-AF10-9C9614B9C7DC}.Release|x86.Build.0 = Release|Win32
		{D3DB7031-218F-4223-A376-E496400581AB}.ASan|x64.ActiveCfg = Debug|x64
		{D3DB7031-218F-4223-A376-E496400581AB}.ASan|x64.Build.0 = Debug|x64
		{D3DB7031-218F-4223-A376-E496400581AB}.ASan|x86.ActiveCfg = Debug|Win32
		{D3DB7031-218F-4223-A376-E496400581AB}.ASan|x86.Build.0 = Debug|Win32
		{D3DB7031-218F-4223-A376-E496400581AB}.Debug|x64.ActiveCfg = Debug|x64
		{D3DB7031-218F-4223-A376-E496400581AB}.Debug|x64.Build.0 = Debug|x64
		{D3DB7031-218F-4223-A376-E496400581AB}.Debug|x86.ActiveCfg = Debug|Win32
		{D3DB7031-218F-4223-A376-E496400581AB}.Debug|x86.Build.0 = Debug|Win32
		{D3DB7031-218F-4223-A376-E496400581AB}.Release|x64.ActiveCfg = Release|x64
		{D3DB7031-218F-4223-A376-E496400581AB}.Release|x64.Build.0 = Release|x64
		{D3DB7031-218F-4223-A376-E496400581AB}.Release|x86.ActiveCfg = Release|Win32
		{D3DB7031-218F-4223-A376-E496400581AB}.Release|x86.Build.0 = Release|Win32
		{6DB92FC0-A25C-43A4-A081-C2D60848C90F}.ASan|x64.ActiveCfg = Debug|x64
		{6DB92FC0-A25C-43A4-A081-C2D60848C90F}.ASan|x64.Build.0 = Debug|x64
		{6DB92FC0-A25C-43A4-A081-C2D60848C90F}.ASan|x86.ActiveCfg = Debug|Win32
		{6DB92FC0-A25C-43A4-A081-C2D60848C90F}.ASan|x86.Build.0 = Debug|Win32
		{6DB92FC0-A25C-43A4-A081-C2D60848C90F}.Debug|x64.ActiveCfg = Debug|x64
		{6DB92FC0-A25C-43A4-A081-C2D60848C90F}.Debug|x64.Build.0 = Debug|x64
		{6DB92FC0-A25C-43A4-A081-C2D60848C90F}.Debug|x86.ActiveCfg = Debug|Win32
		{6DB92FC0-A25C-43A4-A081-C2D60848C90F}.Debug|x86.Build.0 = Debug|Win32
		{6DB92FC0-A25C-43A4-A081-C2D60848C90F}.Release|x64.ActiveCfg = Release|x64
		{6DB92FC0-A25C-43A4-A081-C2D60848C90F}.Release|x64.Build.0 = Release|x64
		{6DB92FC0-A25C-43A4-A081-C2D60848C90F}.Release|x86.ActiveCfg = Release|Win32
		{6DB92FC0-A25C-43A4-A081-C2D60848C90F}.Release|x86.Build.0 = Release|Win32
		{D591844F-3B63-450F-89A7-C8F514DBE279}.ASan|x64.ActiveCfg = ASan|x64
		{D591844F-3B63-450F-89A7-C8F514DBE279}.ASan|x64.Build.0 = ASan|x64
		{D591844F-3B63-450F-89A7-C8F514DBE279}.ASan|x86.ActiveCfg = ASan|Win32
		{D591844F-3B63-450F-89A7-C8F514DBE279}.ASan|x86.Build.0 = ASan|Win32
		{D591844F-3B63-450F-89A7-C8F514DBE279}.Debug|x64.ActiveCfg = Debug|x64
		{D591844F-3B63-450F-89A7-C8F514DBE279}.Debug|x64.Build.0 = Debug|x64
		{D591844F-3B63-450F-89A7-C8F514DBE279}.Debug|x86.ActiveCfg = Debug|Win32
		{D591844F-3B63-450F-89A7-C8F514DBE279}.Debug|x86.Build.0 = Debug|Win32
		{D591844F-3B63-450F-89A7-C8F514DBE279}.Release|x64.ActiveCfg = Release|x64
		{D591844F-3B63-450F-89A7-C8F514DBE279}.Release|x64.Build.0 = Release|x64
		{D591844F-3B63-450F-89A7-C8F514DBE279}.Release|x86.ActiveCfg = Release|Win32
		{D591844F-3B63-450F-89A7-C8F514DBE279}.Release|x86.Build.0 = Release|Win32
		{9C638CF3-47E8-4DFC-9E24-9F11272460B7}.ASan|x64.ActiveCfg = ASan|x64
		{9C638CF3-47E8-4DFC-9E24-9F11272460B7}.ASan|x64.Build.0 = ASan|x64
		{9C638CF3-47E8-4DFC-9E24-9F11272460B7}.ASan|x86.ActiveCfg = ASan|Win32
		{9C638CF3-47E8-4DFC-9E24-9F11272460B7}.ASan|x86.Build.0 = ASan|Win32
		{9C638CF3-47E8-4DFC-9E24-9F11272460B7}.Debug|x64.ActiveCfg = Debug|x64
		{9C638CF3-47E8-4DFC-9E24-9F11272460B7}.Debug|x64.Build.0 = Debug|x64
		{9C638CF3-47E8-4DFC-9E24-9F11272460B7}.Debug|x86.ActiveCfg = Debug|Win32
		{9C638CF3-47E8-4DFC-9E24-9F11272460B7}.Debug|x86.Build.0 = Debug|Win32
		{9C638CF3-47E8-4DFC-9E24-9F11272460B7}.Release|x64.ActiveCfg = Release|x64
		{9C638CF3-47E8-4DFC-9E24-9F11272460B7}.Release|x64.Build.0 = Release|x64
		{9C638CF3-47E8-4DFC-9E24-9F11272460B7}.Release|x86.ActiveCfg = Release|Win32
		{9C638CF3-47E8-4DFC-9E24-9F11272460B7}.Release|x86.Build.0 = Release|Win32
		{A3E1A966-6F9F-4333-B686-4F6D81BDD17A}.ASan|x64.ActiveCfg = ASan|x64
		{A3E1A966-6F9F-4333-B686-4F6D81BDD17A}.ASan|x64.Build.0 = ASan|x64
		{A3E1A966-6F9F-4333-B686-4F6D81BDD17A}.ASan|x86.ActiveCfg = ASan|Win32
		{A3E1A966-6F9F-4333-B686-4F6D81BDD17A}.ASan|x86.Build.0 = ASan|Win32
		{A3E1A966-6F9F-4333-B686-4F6D81BDD17A}.Debug|x64.ActiveCfg = Debug|x64
		{A3E1A966-6F9F-4333-B686-4F6D81BDD17A}.Debug|x64.Build.0 = Debug|x64
		{A3E1A966-6F9F-4333-B686-4F6D81BDD17A}.Debug|x86.ActiveCfg = Debug|Win32
		{A3E1A966-6F9F-4333-B686-4F6D81BDD17A}.Debug|x86.Build.0 = Debug|Win32
		{A3E1A966-6F9F-4333-B686-4F6D81BDD17A}.Release|x64.ActiveCfg = Release|x64
		{A3E1A966-6F9F-4333-B686-4F6D81BDD17A}.Release|x64.Build.0 = Release|x64
		{A3E1A966-6F9F-4333-B686-4F6D81BDD17A}.Release|x86.ActiveCfg = Release|Win32
		{A3E1A966-6F9F-4333-B686-4F6D81BDD17A}.Release|x86.Build.0 = Release|Win32
		{6DB86826-31F0-47AD-8BC9-F1AAECAF3374}.ASan|x64.ActiveCfg = Debug|x64
		{6DB86826-31F0-47AD-8BC9-F1AAECAF3374}.ASan|x64.Build.0 = Debug|x64
		{6DB86826-31F0-47AD-8BC9-F1AAECAF3374}.ASan|x86.ActiveCfg = Debug|Win32
		{6DB86826-31F0-47AD-8BC9-F1AAECAF3374}.ASan|x86.Build.0 = Debug|Win32
		{6DB86826-31F0-47AD-8BC9-F1AAECAF3374}.Debug|x64.ActiveCfg = Debug|x64
		{6DB86826-31F0-47AD-8BC9-F1AAECAF3374}.Debug|x64.Build.0 = Debug|x64
		{6DB86826-31F0-47AD-8BC9-F1AAECAF3374}.Debug|x86.ActiveCfg = Debug|Win32
		{6DB86826-31F0-47AD-8BC9-F1AAECAF3374}.Debug|x86.Build.0 = Debug|Win32
		{6DB86826-31F0-47AD-8BC9-F1AAECAF3374}.Release|x64.ActiveCfg = Release|x64
		{6DB86826-31F0-47AD-8BC9-F1AAECAF3374}.Release|x64.Build.0 = Release|x64
		{6DB86826-31F0-47AD-8BC9-F1AAECAF3374}.Release|x86.ActiveCfg = Release|Win32
		{6DB86826-31F0-47AD-8BC9-F1AAECAF3374}.Release|x86.Build.0 = Release|Win32
		{889BAA04-0E31-468D-B03C-F7F7202C16CB}.ASan|x64.ActiveCfg = ASan|x64
		{889BAA04-0E31-468D-B03C-F7F7202C16CB}.ASan|x64.Build.0 = ASan|x64
		{889BAA04-0E31-468D-B03C-F7F7202C16CB}.ASan|x86.ActiveCfg = ASan|Win32
		{889BAA04-0E31-468D-B03C-F7F7202C16CB}.ASan|x86.Build.0 = ASan|Win32
		{889BAA04-0E31-468D-B03C-F7F7202C16CB}.Debug|x64.ActiveCfg = Debug|x64
		{889BAA04-0E31-468D-B03C-F7F7202C16CB}.Debug|x64.Build.0 = Debug|x64
		{889BAA04-0E31-468D-B03C-F7F7202C16CB}.Debug|x86.ActiveCfg = Debug|Win32
		{889BAA04-0E31-468D-B03C-F7F7202C16CB}.Debug|x86.Build.0 = Debug|Win32
		{889BAA04-0E31-468D-B03C-F7F7202C16CB}.Release|x64.ActiveCfg = Release|x64
		{889BAA04-0E31-468D-B03C-F7F7202C16CB}.Release|x64.Build.0 = Release|x64
		{889BAA04-0E31-468D-B03C-F7F7202C16CB}.Release|x86.ActiveCfg = Release|Win32
		{889BAA04-0E31-468D-B03C-F7F7202C16CB}.Release|x86.Build.0 = Release|Win32
	EndGlobalSection
	GlobalSection(SolutionProperties) = preSolution
		HideSolutionNode = FALSE
	EndGlobalSection
	GlobalSection(NestedProjects) = preSolution
		{0E3EA848-3FFE-4784-8D44-1DF036990C22} = {58AC2401-48A7-4AFA-A6F4-5F00DFAF260A}
		{D2176F37-135E-4003-9A90-7A9E78E0371F} = {58AC2401-48A7-4AFA-A6F4-5F00DFAF260A}
		{CCE21648-BED6-4180-A305-FF27932B9232} = {58AC2401-48A7-4AFA-A6F4-5F00DFAF260A}
		{0895F78B-D3D4-4BEF-8E12-DAABE32686E5} = {58AC2401-48A7-4AFA-A6F4-5F00DFAF260A}
		{2347027E-E5DE-43C4-8EF9-5F1411ADE33B} = {E3047051-0AB6-47F9-9826-A442657BA247}
		{7DCE5F92-D92F-40CC-B6EB-0772E0BD0DB9} = {D1870447-2122-4EFE-A1CF-26DBE8D3A7FF}
		{5D9EAEC4-CEDD-4D4F-9538-345399DA9DA1} = {D1870447-2122-4EFE-A1CF-26DBE8D3A7FF}
		{99085F16-DA06-4072-B84E-C2D95C539ED9} = {D1870447-2122-4EFE-A1CF-26DBE8D3A7FF}
		{824E695C-BC39-4A3B-B93D-A4CAAD5BD69F} = {D1870447-2122-4EFE-A1CF-26DBE8D3A7FF}
		{C543B4D9-A8AC-47B7-8376-AB4B110C144E} = {D1870447-2122-4EFE-A1CF-26DBE8D3A7FF}
		{C8C0CDBA-3B12-412D-8C7B-D65E3D85D2A2} = {D1870447-2122-4EFE-A1CF-26DBE8D3A7FF}
		{7F102606-D08C-4F7D-94B3-FCAC473DABED} = {D1870447-2122-4EFE-A1CF-26DBE8D3A7FF}
		{AC8CDAE2-11B3-449F-BB88-96CCE3DE7FB3} = {D1870447-2122-4EFE-A1CF-26DBE8D3A7FF}
		{E1C0E44B-EEF3-40D4-AEB7-54C4E570237E} = {D1870447-2122-4EFE-A1CF-26DBE8D3A7FF}
		{31CDCC89-14CF-42A9-AB27-C2E7CFB6E98D} = {D1870447-2122-4EFE-A1CF-26DBE8D3A7FF}
		{4DDF823C-C579-4259-ABEE-535F4C73FADB} = {D1870447-2122-4EFE-A1CF-26DBE8D3A7FF}
		{AD845EC6-FE78-4C15-AF5A-659FB64BBD5E} = {D1870447-2122-4EFE-A1CF-26DBE8D3A7FF}
		{A7B78505-8C72-4F52-939F-F7F811E979AE} = {D1870447-2122-4EFE-A1CF-26DBE8D3A7FF}
		{962F9CBF-911F-4876-AF10-9C9614B9C7DC} = {D1870447-2122-4EFE-A1CF-26DBE8D3A7FF}
		{D3DB7031-218F-4223-A376-E496400581AB} = {D1870447-2122-4EFE-A1CF-26DBE8D3A7FF}
		{6DB92FC0-A25C-43A4-A081-C2D60848C90F} = {D1870447-2122-4EFE-A1CF-26DBE8D3A7FF}
		{82F1520A-F92B-4115-B092-2BCEB0D7EE7F} = {498EF6B0-5565-411A-839A-B41294202103}
		{D591844F-3B63-450F-89A7-C8F514DBE279} = {D1870447-2122-4EFE-A1CF-26DBE8D3A7FF}
		{9C638CF3-47E8-4DFC-9E24-9F11272460B7} = {D1870447-2122-4EFE-A1CF-26DBE8D3A7FF}
		{A3E1A966-6F9F-4333-B686-4F6D81BDD17A} = {D1870447-2122-4EFE-A1CF-26DBE8D3A7FF}
		{6DB86826-31F0-47AD-8BC9-F1AAECAF3374} = {D1870447-2122-4EFE-A1CF-26DBE8D3A7FF}
		{889BAA04-0E31-468D-B03C-F7F7202C16CB} = {58AC2401-48A7-4AFA-A6F4-5F00DFAF260A}
	EndGlobalSection
	GlobalSection(ExtensibilityGlobals) = postSolution
		SolutionGuid = {3BE666E0-1098-42CF-B1FD-F0F0CA579F4C}
	EndGlobalSection
EndGlobal
