<?xml version="1.0" encoding="utf-8"?>
<Project ToolsVersion="4.0" xmlns="http://schemas.microsoft.com/developer/msbuild/2003">
  <ItemGroup>
    <Filter Include="test">
      <UniqueIdentifier>{5c7f7f68-c5d2-4d0e-96d2-1e6d277842b2}</UniqueIdentifier>
    </Filter>
    <Filter Include="test\shared">
      <UniqueIdentifier>{0f0fddce-1863-40b7-be97-00707d108cbb}</UniqueIdentifier>
    </Filter>
    <Filter Include="ffsm2">
      <UniqueIdentifier>{ceada64b-8f76-40d1-8d65-99e0fecf9619}</UniqueIdentifier>
    </Filter>
    <Filter Include="ffsm2\detail">
      <UniqueIdentifier>{623cb6f3-6233-4d47-8cc3-9cb4db28e9f6}</UniqueIdentifier>
    </Filter>
    <Filter Include="ffsm2\detail\root">
      <UniqueIdentifier>{705a684e-2ef5-46b9-85c4-66c8dbaa76c2}</UniqueIdentifier>
    </Filter>
    <Filter Include="ffsm2\detail\shared">
      <UniqueIdentifier>{69794283-34a1-4a29-9b44-2f259675db65}</UniqueIdentifier>
    </Filter>
    <Filter Include="ffsm2\detail\structure">
      <UniqueIdentifier>{0409ee1b-cc33-4ca0-9775-c6d2dde660b5}</UniqueIdentifier>
    </Filter>
    <Filter Include="ffsm2\detail\features">
      <UniqueIdentifier>{7b850b24-d0a2-423c-b9d2-bfd0c4af6f47}</UniqueIdentifier>
    </Filter>
    <Filter Include="ffsm2\detail\containers">
      <UniqueIdentifier>{8e5e7864-e5c0-461f-b6dd-97e1c0926b71}</UniqueIdentifier>
    </Filter>
  </ItemGroup>
  <ItemGroup>
    <ClInclude Include="..\..\test\tools.hpp">
      <Filter>test</Filter>
    </ClInclude>
    <ClInclude Include="..\..\include\ffsm2\machine_dev.hpp">
      <Filter>ffsm2</Filter>
    </ClInclude>
    <ClInclude Include="..\..\include\ffsm2\detail\root.hpp">
      <Filter>ffsm2\detail</Filter>
    </ClInclude>
    <ClInclude Include="..\..\include\ffsm2\detail\root\control.hpp">
      <Filter>ffsm2\detail\root</Filter>
    </ClInclude>
    <ClInclude Include="..\..\include\ffsm2\detail\root\plan.hpp">
      <Filter>ffsm2\detail\root</Filter>
    </ClInclude>
    <ClInclude Include="..\..\include\ffsm2\detail\root\plan_data.hpp">
      <Filter>ffsm2\detail\root</Filter>
    </ClInclude>
    <ClInclude Include="..\..\include\ffsm2\detail\root\registry.hpp">
      <Filter>ffsm2\detail\root</Filter>
    </ClInclude>
    <ClInclude Include="..\..\include\ffsm2\detail\shared\bit_stream.hpp">
      <Filter>ffsm2\detail\shared</Filter>
    </ClInclude>
    <ClInclude Include="..\..\include\ffsm2\detail\shared\iterator.hpp">
      <Filter>ffsm2\detail\shared</Filter>
    </ClInclude>
    <ClInclude Include="..\..\include\ffsm2\detail\shared\macros_off.hpp">
      <Filter>ffsm2\detail\shared</Filter>
    </ClInclude>
    <ClInclude Include="..\..\include\ffsm2\detail\shared\macros_on.hpp">
      <Filter>ffsm2\detail\shared</Filter>
    </ClInclude>
    <ClInclude Include="..\..\include\ffsm2\detail\shared\type_list.hpp">
      <Filter>ffsm2\detail\shared</Filter>
    </ClInclude>
    <ClInclude Include="..\..\include\ffsm2\detail\shared\utility.hpp">
      <Filter>ffsm2\detail\shared</Filter>
    </ClInclude>
    <ClInclude Include="..\..\include\ffsm2\detail\structure\composite.hpp">
      <Filter>ffsm2\detail\structure</Filter>
    </ClInclude>
    <ClInclude Include="..\..\include\ffsm2\detail\structure\composite_sub.hpp">
      <Filter>ffsm2\detail\structure</Filter>
    </ClInclude>
    <ClInclude Include="..\..\include\ffsm2\detail\structure\forward.hpp">
      <Filter>ffsm2\detail\structure</Filter>
    </ClInclude>
    <ClInclude Include="..\..\include\ffsm2\detail\structure\injections.hpp">
      <Filter>ffsm2\detail\structure</Filter>
    </ClInclude>
    <ClInclude Include="..\..\include\ffsm2\detail\structure\state.hpp">
      <Filter>ffsm2\detail\structure</Filter>
    </ClInclude>
    <ClInclude Include="..\..\include\ffsm2\detail\features\common.hpp">
      <Filter>ffsm2\detail\features</Filter>
    </ClInclude>
    <ClInclude Include="..\..\include\ffsm2\detail\features\logger_interface.hpp">
      <Filter>ffsm2\detail\features</Filter>
    </ClInclude>
    <ClInclude Include="..\..\include\ffsm2\detail\containers\bit_array.hpp">
      <Filter>ffsm2\detail\containers</Filter>
    </ClInclude>
    <ClInclude Include="..\..\include\ffsm2\detail\containers\array.hpp">
      <Filter>ffsm2\detail\containers</Filter>
    </ClInclude>
    <ClInclude Include="..\..\include\ffsm2\detail\containers\task_list.hpp">
      <Filter>ffsm2\detail\containers</Filter>
    </ClInclude>
  </ItemGroup>
  <ItemGroup>
    <ClCompile Include="..\..\test\main.cpp">
      <Filter>test</Filter>
    </ClCompile>
    <ClCompile Include="..\..\test\test_transitions.cpp">
      <Filter>test</Filter>
    </ClCompile>
    <ClCompile Include="..\..\test\test_transitions_verbose.cpp">
      <Filter>test</Filter>
    </ClCompile>
    <ClCompile Include="..\..\test\test_transitions_payloads.cpp">
      <Filter>test</Filter>
    </ClCompile>
    <ClCompile Include="..\..\test\test_plans.cpp">
      <Filter>test</Filter>
    </ClCompile>
    <ClCompile Include="..\..\test\test_plans_payloads.cpp">
      <Filter>test</Filter>
    </ClCompile>
    <ClCompile Include="..\..\test\test_plans_verbose.cpp">
      <Filter>test</Filter>
    </ClCompile>
    <ClCompile Include="..\..\test\test_contexts.cpp">
      <Filter>test</Filter>
    </ClCompile>
    <ClCompile Include="..\..\test\test_serialization.cpp">
      <Filter>test</Filter>
    </ClCompile>
    <ClCompile Include="..\..\test\shared\test_bit_array.cpp">
      <Filter>test\shared</Filter>
    </ClCompile>
    <ClCompile Include="..\..\test\shared\test_bit_stream.cpp">
      <Filter>test\shared</Filter>
    </ClCompile>
    <ClCompile Include="..\..\test\shared\test_task_list.cpp">
      <Filter>test\shared</Filter>
    </ClCompile>
    <ClCompile Include="..\..\test\test_manual_activation.cpp">
      <Filter>test</Filter>
    </ClCompile>
    <ClCompile Include="..\..\test\test_replication.cpp">
      <Filter>test</Filter>
    </ClCompile>
  </ItemGroup>
  <ItemGroup>
    <None Include="..\..\test\tools.inl">
      <Filter>test</Filter>
    </None>
    <None Include="..\..\include\ffsm2\detail\root.inl">
      <Filter>ffsm2\detail</Filter>
    </None>
    <None Include="..\..\include\ffsm2\detail\root\control.inl">
      <Filter>ffsm2\detail\root</Filter>
    </None>
    <None Include="..\..\include\ffsm2\detail\root\plan.inl">
      <Filter>ffsm2\detail\root</Filter>
    </None>
    <None Include="..\..\include\ffsm2\detail\root\plan_data.inl">
      <Filter>ffsm2\detail\root</Filter>
    </None>
    <None Include="..\..\include\ffsm2\detail\shared\bit_stream.inl">
      <Filter>ffsm2\detail\shared</Filter>
    </None>
    <None Include="..\..\include\ffsm2\detail\structure\composite.inl">
      <Filter>ffsm2\detail\structure</Filter>
    </None>
    <None Include="..\..\include\ffsm2\detail\structure\composite_sub_1.inl">
      <Filter>ffsm2\detail\structure</Filter>
    </None>
    <None Include="..\..\include\ffsm2\detail\structure\composite_sub_2.inl">
      <Filter>ffsm2\detail\structure</Filter>
    </None>
    <None Include="..\..\include\ffsm2\detail\structure\injections.inl">
      <Filter>ffsm2\detail\structure</Filter>
    </None>
    <None Include="..\..\include\ffsm2\detail\structure\state.inl">
      <Filter>ffsm2\detail\structure</Filter>
    </None>
    <None Include="..\..\include\ffsm2\detail\containers\array.inl">
      <Filter>ffsm2\detail\containers</Filter>
    </None>
    <None Include="..\..\include\ffsm2\detail\containers\bit_array.inl">
      <Filter>ffsm2\detail\containers</Filter>
    </None>
    <None Include="..\..\include\ffsm2\detail\containers\task_list.inl">
      <Filter>ffsm2\detail\containers</Filter>
    </None>
  </ItemGroup>
</Project>