<?xml version="1.0" encoding="utf-8"?>
<Project ToolsVersion="4.0" xmlns="http://schemas.microsoft.com/developer/msbuild/2003">
  <ItemGroup>
    <Filter Include="include">
      <UniqueIdentifier>{de7dc121-d8ce-4c72-9ca3-e941332e2db9}</UniqueIdentifier>
    </Filter>
    <Filter Include="test">
      <UniqueIdentifier>{39ccf084-4ca4-47ce-903f-258df80fd69d}</UniqueIdentifier>
    </Filter>
  </ItemGroup>
  <ItemGroup>
    <ClInclude Include="..\..\include\ffsm\machine.hpp">
      <Filter>include</Filter>
    </ClInclude>
    <ClInclude Include="..\..\test\test_transition.hpp">
      <Filter>test</Filter>
    </ClInclude>
  </ItemGroup>
  <ItemGroup>
    <ClCompile Include="..\..\test\main.cpp">
      <Filter>test</Filter>
    </ClCompile>
    <ClCompile Include="..\..\test\test_transition.cpp">
      <Filter>test</Filter>
    </ClCompile>
  </ItemGroup>
</Project>